
Microsoft Visual Studio Solution File, Format Version 12.00
# Visual Studio Version 16
VisualStudioVersion = 16.0.29306.81
MinimumVisualStudioVersion = 10.0.40219.1
Project("{9A19103F-16F7-4668-BE54-9A1E7A4F7556}") = "Code.Library", "Code.Library\Code.Library.csproj", "{EA9536DC-4478-49D8-A87D-C1AA3DE10E40}"
EndProject
Project("{9A19103F-16F7-4668-BE54-9A1E7A4F7556}") = "Code.Library.AspNetCore", "Code.Library.AspNetCore\Code.Library.AspNetCore.csproj", "{6016F59E-CDD5-452C-ABAD-4016A9A87643}"
EndProject
Project("{FAE04EC0-301F-11D3-BF4B-00C04F79EFBC}") = "Code.Library.Tests", "Code.Library.Tests\Code.Library.Tests.csproj", "{3AAB4958-8860-402C-B2BA-7CD92BC04A64}"
EndProject
Global
	GlobalSection(SolutionConfigurationPlatforms) = preSolution
		Debug|Any CPU = Debug|Any CPU
		Release|Any CPU = Release|Any CPU
	EndGlobalSection
	GlobalSection(ProjectConfigurationPlatforms) = postSolution
		{EA9536DC-4478-49D8-A87D-C1AA3DE10E40}.Debug|Any CPU.ActiveCfg = Debug|Any CPU
		{EA9536DC-4478-49D8-A87D-C1AA3DE10E40}.Debug|Any CPU.Build.0 = Debug|Any CPU
		{EA9536DC-4478-49D8-A87D-C1AA3DE10E40}.Release|Any CPU.ActiveCfg = Release|Any CPU
		{EA9536DC-4478-49D8-A87D-C1AA3DE10E40}.Release|Any CPU.Build.0 = Release|Any CPU
		{6016F59E-CDD5-452C-ABAD-4016A9A87643}.Debug|Any CPU.ActiveCfg = Debug|Any CPU
		{6016F59E-CDD5-452C-ABAD-4016A9A87643}.Debug|Any CPU.Build.0 = Debug|Any CPU
		{6016F59E-CDD5-452C-ABAD-4016A9A87643}.Release|Any CPU.ActiveCfg = Release|Any CPU
		{6016F59E-CDD5-452C-ABAD-4016A9A87643}.Release|Any CPU.Build.0 = Release|Any CPU
		{3AAB4958-8860-402C-B2BA-7CD92BC04A64}.Debug|Any CPU.ActiveCfg = Debug|Any CPU
		{3AAB4958-8860-402C-B2BA-7CD92BC04A64}.Debug|Any CPU.Build.0 = Debug|Any CPU
		{3AAB4958-8860-402C-B2BA-7CD92BC04A64}.Release|Any CPU.ActiveCfg = Release|Any CPU
		{3AAB4958-8860-402C-B2BA-7CD92BC04A64}.Release|Any CPU.Build.0 = Release|Any CPU
	EndGlobalSection
	GlobalSection(SolutionProperties) = preSolution
		HideSolutionNode = FALSE
	EndGlobalSection
	GlobalSection(ExtensibilityGlobals) = postSolution
		SolutionGuid = {99057C9F-D5BF-42A8-975F-A800668AF79C}
	EndGlobalSection
EndGlobal
